
Microsoft Visual Studio Solution File, Format Version 12.00
# Visual Studio Version 16
VisualStudioVersion = 16.0.30517.126
MinimumVisualStudioVersion = 10.0.40219.1
Project("{9A19103F-16F7-4668-BE54-9A1E7A4F7556}") = "DPXTool", "DPXTool\DPXTool.csproj", "{8F0E1D27-A17F-4C96-BD20-C5E39443ED3D}"
EndProject
Project("{FAE04EC0-301F-11D3-BF4B-00C04F79EFBC}") = "DPXLib", "DPXLib\DPXLib\DPXLib.csproj", "{47A87F5C-C75A-4142-8BAC-6DFBC44786C0}"
EndProject
Global
	GlobalSection(SolutionConfigurationPlatforms) = preSolution
		Debug|Any CPU = Debug|Any CPU
		Release|Any CPU = Release|Any CPU
	EndGlobalSection
	GlobalSection(ProjectConfigurationPlatforms) = postSolution
		{8F0E1D27-A17F-4C96-BD20-C5E39443ED3D}.Debug|Any CPU.ActiveCfg = Debug|Any CPU
		{8F0E1D27-A17F-4C96-BD20-C5E39443ED3D}.Debug|Any CPU.Build.0 = Debug|Any CPU
		{8F0E1D27-A17F-4C96-BD20-C5E39443ED3D}.Release|Any CPU.ActiveCfg = Release|Any CPU
		{8F0E1D27-A17F-4C96-BD20-C5E39443ED3D}.Release|Any CPU.Build.0 = Release|Any CPU
		{47A87F5C-C75A-4142-8BAC-6DFBC44786C0}.Debug|Any CPU.ActiveCfg = Debug|Any CPU
		{47A87F5C-C75A-4142-8BAC-6DFBC44786C0}.Debug|Any CPU.Build.0 = Debug|Any CPU
		{47A87F5C-C75A-4142-8BAC-6DFBC44786C0}.Release|Any CPU.ActiveCfg = Release|Any CPU
		{47A87F5C-C75A-4142-8BAC-6DFBC44786C0}.Release|Any CPU.Build.0 = Release|Any CPU
	EndGlobalSection
	GlobalSection(SolutionProperties) = preSolution
		HideSolutionNode = FALSE
	EndGlobalSection
	GlobalSection(ExtensibilityGlobals) = postSolution
		SolutionGuid = {1E9D24A6-0638-4C6E-B2C7-6F210942E1A8}
	EndGlobalSection
EndGlobal
